
Microsoft Visual Studio Solution File, Format Version 12.00
# Visual Studio Version 17
VisualStudioVersion = 17.3.32929.385
MinimumVisualStudioVersion = 10.0.40219.1
Project("{FAE04EC0-301F-11D3-BF4B-00C04F79EFBC}") = "Demo", "Demo\Demo.csproj", "{F25D09D2-B125-40A5-B7B2-3C81A87D47A8}"
EndProject
Global
	GlobalSection(SolutionConfigurationPlatforms) = preSolution
		Debug|Any CPU = Debug|Any CPU
		Release|Any CPU = Release|Any CPU
	EndGlobalSection
	GlobalSection(ProjectConfigurationPlatforms) = postSolution
		{F25D09D2-B125-40A5-B7B2-3C81A87D47A8}.Debug|Any CPU.ActiveCfg = Debug|Any CPU
		{F25D09D2-B125-40A5-B7B2-3C81A87D47A8}.Debug|Any CPU.Build.0 = Debug|Any CPU
		{F25D09D2-B125-40A5-B7B2-3C81A87D47A8}.Release|Any CPU.ActiveCfg = Release|Any CPU
		{F25D09D2-B125-40A5-B7B2-3C81A87D47A8}.Release|Any CPU.Build.0 = Release|Any CPU
	EndGlobalSection
	GlobalSection(SolutionProperties) = preSolution
		HideSolutionNode = FALSE
	EndGlobalSection
	GlobalSection(ExtensibilityGlobals) = postSolution
		SolutionGuid = {B34159E4-0BB4-4FDE-A960-0AA22B3CB86F}
	EndGlobalSection
EndGlobal
